
Microsoft Visual Studio Solution File, Format Version 11.00
# Visual Studio 2010
Project("{FAE04EC0-301F-11D3-BF4B-00C04F79EFBC}") = "q2Tool", "q2Tool\q2Tool.csproj", "{FF54F892-6E51-47B7-B0A6-5CA8398FBD08}"
EndProject
Project("{FAE04EC0-301F-11D3-BF4B-00C04F79EFBC}") = "q2Tool.Plugin.ShowMessages", "q2Tool.Plugin.ShowMessages\q2Tool.Plugin.ShowMessages.csproj", "{C0DD5574-2C74-4BB0-ACA3-C6BFAB420B73}"
EndProject
Project("{2150E333-8FDC-42A3-9474-1A3956D46DE8}") = "Plugins", "Plugins", "{86B2FE31-E644-4033-9C4C-E1C4A75049CC}"
EndProject
Project("{FAE04EC0-301F-11D3-BF4B-00C04F79EFBC}") = "q2Tool.Plugin.FakeVideoSettings", "q2Tool.Plugin.FakeVideoSettings\q2Tool.Plugin.FakeVideoSettings.csproj", "{E7F5785E-2378-4E89-A6F9-58E7C85208FB}"
EndProject
Global
	GlobalSection(SolutionConfigurationPlatforms) = preSolution
		Debug|Any CPU = Debug|Any CPU
		Release|Any CPU = Release|Any CPU
	EndGlobalSection
	GlobalSection(ProjectConfigurationPlatforms) = postSolution
		{FF54F892-6E51-47B7-B0A6-5CA8398FBD08}.Debug|Any CPU.ActiveCfg = Debug|Any CPU
		{FF54F892-6E51-47B7-B0A6-5CA8398FBD08}.Debug|Any CPU.Build.0 = Debug|Any CPU
		{FF54F892-6E51-47B7-B0A6-5CA8398FBD08}.Release|Any CPU.ActiveCfg = Release|Any CPU
		{FF54F892-6E51-47B7-B0A6-5CA8398FBD08}.Release|Any CPU.Build.0 = Release|Any CPU
		{C0DD5574-2C74-4BB0-ACA3-C6BFAB420B73}.Debug|Any CPU.ActiveCfg = Debug|Any CPU
		{C0DD5574-2C74-4BB0-ACA3-C6BFAB420B73}.Debug|Any CPU.Build.0 = Debug|Any CPU
		{C0DD5574-2C74-4BB0-ACA3-C6BFAB420B73}.Release|Any CPU.ActiveCfg = Release|Any CPU
		{C0DD5574-2C74-4BB0-ACA3-C6BFAB420B73}.Release|Any CPU.Build.0 = Release|Any CPU
		{E7F5785E-2378-4E89-A6F9-58E7C85208FB}.Debug|Any CPU.ActiveCfg = Debug|Any CPU
		{E7F5785E-2378-4E89-A6F9-58E7C85208FB}.Debug|Any CPU.Build.0 = Debug|Any CPU
		{E7F5785E-2378-4E89-A6F9-58E7C85208FB}.Release|Any CPU.ActiveCfg = Release|Any CPU
		{E7F5785E-2378-4E89-A6F9-58E7C85208FB}.Release|Any CPU.Build.0 = Release|Any CPU
	EndGlobalSection
	GlobalSection(SolutionProperties) = preSolution
		HideSolutionNode = FALSE
	EndGlobalSection
	GlobalSection(NestedProjects) = preSolution
		{C0DD5574-2C74-4BB0-ACA3-C6BFAB420B73} = {86B2FE31-E644-4033-9C4C-E1C4A75049CC}
		{E7F5785E-2378-4E89-A6F9-58E7C85208FB} = {86B2FE31-E644-4033-9C4C-E1C4A75049CC}
	EndGlobalSection
EndGlobal
